// !$*UTF8*$!
{
	archiveVersion = 1;
	classes = {
	};
	objectVersion = 46;
	objects = {

/* Begin PBXBuildFile section */
		C23260491BF9D28B00B894D1 /* Tile.cpp in Sources */ = {isa = PBXBuildFile; fileRef = C23260471BF9D28B00B894D1 /* Tile.cpp */; settings = {ASSET_TAGS = (); }; };
		C232604D1BF9DB6400B894D1 /* Grass-Tile.cpp in Sources */ = {isa = PBXBuildFile; fileRef = C232604B1BF9DB6400B894D1 /* Grass-Tile.cpp */; settings = {ASSET_TAGS = (); }; };
		C23B51C41BF133A10093ED9A /* Player.cpp in Sources */ = {isa = PBXBuildFile; fileRef = C23B51C21BF133A10093ED9A /* Player.cpp */; settings = {ASSET_TAGS = (); }; };
		C23B51C81BF1349E0093ED9A /* Keyboard.cpp in Sources */ = {isa = PBXBuildFile; fileRef = C23B51C61BF1349E0093ED9A /* Keyboard.cpp */; settings = {ASSET_TAGS = (); }; };
		C27D317F1BEA369B00AFA04C /* State.cpp in Sources */ = {isa = PBXBuildFile; fileRef = C27D317D1BEA369B00AFA04C /* State.cpp */; settings = {ASSET_TAGS = (); }; };
		C27D31821BEA36E100AFA04C /* GameState.cpp in Sources */ = {isa = PBXBuildFile; fileRef = C27D31801BEA36E100AFA04C /* GameState.cpp */; settings = {ASSET_TAGS = (); }; };
		C27D31861BEA3A4600AFA04C /* MenuState.cpp in Sources */ = {isa = PBXBuildFile; fileRef = C27D31841BEA3A4600AFA04C /* MenuState.cpp */; settings = {ASSET_TAGS = (); }; };
		C2B094751BF37E1000245E1E /* StandardBullet.cpp in Sources */ = {isa = PBXBuildFile; fileRef = C2B094731BF37E1000245E1E /* StandardBullet.cpp */; settings = {ASSET_TAGS = (); }; };
		C2C148101BF4F169001C4D23 /* Sprite.cpp in Sources */ = {isa = PBXBuildFile; fileRef = C2C1480E1BF4F169001C4D23 /* Sprite.cpp */; settings = {ASSET_TAGS = (); }; };
		C2C148131BF6664F001C4D23 /* Collider.cpp in Sources */ = {isa = PBXBuildFile; fileRef = C2C148111BF6664F001C4D23 /* Collider.cpp */; settings = {ASSET_TAGS = (); }; };
		C2C148161BF79DAB001C4D23 /* World.cpp in Sources */ = {isa = PBXBuildFile; fileRef = C2C148141BF79DAB001C4D23 /* World.cpp */; settings = {ASSET_TAGS = (); }; };
		C2C40C471BD156A9009AFB1C /* Creature.cpp in Sources */ = {isa = PBXBuildFile; fileRef = C2C40C451BD156A9009AFB1C /* Creature.cpp */; settings = {ASSET_TAGS = (); }; };
		C2C828D31BD28926001B5145 /* Entity.cpp in Sources */ = {isa = PBXBuildFile; fileRef = C2C828D11BD28926001B5145 /* Entity.cpp */; settings = {ASSET_TAGS = (); }; };
		C2C828D91BD2B0FF001B5145 /* BasicZombie.cpp in Sources */ = {isa = PBXBuildFile; fileRef = C2C828D71BD2B0FF001B5145 /* BasicZombie.cpp */; settings = {ASSET_TAGS = (); }; };
		C2C828DD1BD2B199001B5145 /* UI.cpp in Sources */ = {isa = PBXBuildFile; fileRef = C2C828DB1BD2B199001B5145 /* UI.cpp */; settings = {ASSET_TAGS = (); }; };
		E4328149138ABC9F0047C5CB /* openFrameworksDebug.a in Frameworks */ = {isa = PBXBuildFile; fileRef = E4328148138ABC890047C5CB /* openFrameworksDebug.a */; };
		E4B69E200A3A1BDC003C02F2 /* main.cpp in Sources */ = {isa = PBXBuildFile; fileRef = E4B69E1D0A3A1BDC003C02F2 /* main.cpp */; };
		E4B69E210A3A1BDC003C02F2 /* ofApp.cpp in Sources */ = {isa = PBXBuildFile; fileRef = E4B69E1E0A3A1BDC003C02F2 /* ofApp.cpp */; };
/* End PBXBuildFile section */

/* Begin PBXContainerItemProxy section */
		E4328147138ABC890047C5CB /* PBXContainerItemProxy */ = {
			isa = PBXContainerItemProxy;
			containerPortal = E4328143138ABC890047C5CB /* openFrameworksLib.xcodeproj */;
			proxyType = 2;
			remoteGlobalIDString = E4B27C1510CBEB8E00536013;
			remoteInfo = openFrameworks;
		};
		E4EEB9AB138B136A00A80321 /* PBXContainerItemProxy */ = {
			isa = PBXContainerItemProxy;
			containerPortal = E4328143138ABC890047C5CB /* openFrameworksLib.xcodeproj */;
			proxyType = 1;
			remoteGlobalIDString = E4B27C1410CBEB8E00536013;
			remoteInfo = openFrameworks;
		};
/* End PBXContainerItemProxy section */

/* Begin PBXCopyFilesBuildPhase section */
		E4C2427710CC5ABF004149E2 /* CopyFiles */ = {
			isa = PBXCopyFilesBuildPhase;
			buildActionMask = 2147483647;
			dstPath = "";
			dstSubfolderSpec = 10;
			files = (
			);
			runOnlyForDeploymentPostprocessing = 0;
		};
/* End PBXCopyFilesBuildPhase section */

/* Begin PBXFileReference section */
		C23260471BF9D28B00B894D1 /* Tile.cpp */ = {isa = PBXFileReference; fileEncoding = 4; lastKnownFileType = sourcecode.cpp.cpp; path = Tile.cpp; sourceTree = "<group>"; };
		C23260481BF9D28B00B894D1 /* Tile.hpp */ = {isa = PBXFileReference; fileEncoding = 4; lastKnownFileType = sourcecode.cpp.h; path = Tile.hpp; sourceTree = "<group>"; };
		C232604B1BF9DB6400B894D1 /* Grass-Tile.cpp */ = {isa = PBXFileReference; fileEncoding = 4; lastKnownFileType = sourcecode.cpp.cpp; path = "Grass-Tile.cpp"; sourceTree = "<group>"; };
		C232604C1BF9DB6400B894D1 /* Grass-Tile.hpp */ = {isa = PBXFileReference; fileEncoding = 4; lastKnownFileType = sourcecode.cpp.h; path = "Grass-Tile.hpp"; sourceTree = "<group>"; };
		C23B51C21BF133A10093ED9A /* Player.cpp */ = {isa = PBXFileReference; fileEncoding = 4; lastKnownFileType = sourcecode.cpp.cpp; path = Player.cpp; sourceTree = "<group>"; };
		C23B51C31BF133A10093ED9A /* Player.hpp */ = {isa = PBXFileReference; fileEncoding = 4; lastKnownFileType = sourcecode.cpp.h; path = Player.hpp; sourceTree = "<group>"; };
		C23B51C61BF1349E0093ED9A /* Keyboard.cpp */ = {isa = PBXFileReference; fileEncoding = 4; lastKnownFileType = sourcecode.cpp.cpp; path = Keyboard.cpp; sourceTree = "<group>"; };
		C23B51C71BF1349E0093ED9A /* Keyboard.hpp */ = {isa = PBXFileReference; fileEncoding = 4; lastKnownFileType = sourcecode.cpp.h; path = Keyboard.hpp; sourceTree = "<group>"; };
		C27D317D1BEA369B00AFA04C /* State.cpp */ = {isa = PBXFileReference; fileEncoding = 4; lastKnownFileType = sourcecode.cpp.cpp; path = State.cpp; sourceTree = "<group>"; };
		C27D317E1BEA369B00AFA04C /* State.hpp */ = {isa = PBXFileReference; fileEncoding = 4; lastKnownFileType = sourcecode.cpp.h; path = State.hpp; sourceTree = "<group>"; };
		C27D31801BEA36E100AFA04C /* GameState.cpp */ = {isa = PBXFileReference; fileEncoding = 4; lastKnownFileType = sourcecode.cpp.cpp; path = GameState.cpp; sourceTree = "<group>"; };
		C27D31811BEA36E100AFA04C /* GameState.hpp */ = {isa = PBXFileReference; fileEncoding = 4; lastKnownFileType = sourcecode.cpp.h; path = GameState.hpp; sourceTree = "<group>"; };
		C27D31841BEA3A4600AFA04C /* MenuState.cpp */ = {isa = PBXFileReference; fileEncoding = 4; lastKnownFileType = sourcecode.cpp.cpp; path = MenuState.cpp; sourceTree = "<group>"; };
		C27D31851BEA3A4600AFA04C /* MenuState.hpp */ = {isa = PBXFileReference; fileEncoding = 4; lastKnownFileType = sourcecode.cpp.h; path = MenuState.hpp; sourceTree = "<group>"; };
		C2B094731BF37E1000245E1E /* StandardBullet.cpp */ = {isa = PBXFileReference; fileEncoding = 4; lastKnownFileType = sourcecode.cpp.cpp; path = StandardBullet.cpp; sourceTree = "<group>"; };
		C2B094741BF37E1000245E1E /* StandardBullet.hpp */ = {isa = PBXFileReference; fileEncoding = 4; lastKnownFileType = sourcecode.cpp.h; path = StandardBullet.hpp; sourceTree = "<group>"; };
		C2C1480E1BF4F169001C4D23 /* Sprite.cpp */ = {isa = PBXFileReference; fileEncoding = 4; lastKnownFileType = sourcecode.cpp.cpp; path = Sprite.cpp; sourceTree = "<group>"; };
		C2C1480F1BF4F169001C4D23 /* Sprite.hpp */ = {isa = PBXFileReference; fileEncoding = 4; lastKnownFileType = sourcecode.cpp.h; path = Sprite.hpp; sourceTree = "<group>"; };
		C2C148111BF6664F001C4D23 /* Collider.cpp */ = {isa = PBXFileReference; fileEncoding = 4; lastKnownFileType = sourcecode.cpp.cpp; path = Collider.cpp; sourceTree = "<group>"; };
		C2C148121BF6664F001C4D23 /* Collider.hpp */ = {isa = PBXFileReference; fileEncoding = 4; lastKnownFileType = sourcecode.cpp.h; path = Collider.hpp; sourceTree = "<group>"; };
		C2C148141BF79DAB001C4D23 /* World.cpp */ = {isa = PBXFileReference; fileEncoding = 4; lastKnownFileType = sourcecode.cpp.cpp; path = World.cpp; sourceTree = "<group>"; };
		C2C148151BF79DAB001C4D23 /* World.hpp */ = {isa = PBXFileReference; fileEncoding = 4; lastKnownFileType = sourcecode.cpp.h; path = World.hpp; sourceTree = "<group>"; };
		C2C40C451BD156A9009AFB1C /* Creature.cpp */ = {isa = PBXFileReference; fileEncoding = 4; lastKnownFileType = sourcecode.cpp.cpp; path = Creature.cpp; sourceTree = "<group>"; };
		C2C40C461BD156A9009AFB1C /* Creature.hpp */ = {isa = PBXFileReference; fileEncoding = 4; lastKnownFileType = sourcecode.cpp.h; path = Creature.hpp; sourceTree = "<group>"; };
		C2C828D11BD28926001B5145 /* Entity.cpp */ = {isa = PBXFileReference; fileEncoding = 4; lastKnownFileType = sourcecode.cpp.cpp; path = Entity.cpp; sourceTree = "<group>"; };
		C2C828D21BD28926001B5145 /* Entity.hpp */ = {isa = PBXFileReference; fileEncoding = 4; lastKnownFileType = sourcecode.cpp.h; path = Entity.hpp; sourceTree = "<group>"; };
		C2C828D71BD2B0FF001B5145 /* BasicZombie.cpp */ = {isa = PBXFileReference; fileEncoding = 4; lastKnownFileType = sourcecode.cpp.cpp; path = BasicZombie.cpp; sourceTree = "<group>"; };
		C2C828D81BD2B0FF001B5145 /* BasicZombie.hpp */ = {isa = PBXFileReference; fileEncoding = 4; lastKnownFileType = sourcecode.cpp.h; path = BasicZombie.hpp; sourceTree = "<group>"; };
		C2C828DB1BD2B199001B5145 /* UI.cpp */ = {isa = PBXFileReference; fileEncoding = 4; lastKnownFileType = sourcecode.cpp.cpp; path = UI.cpp; sourceTree = "<group>"; };
		C2C828DC1BD2B199001B5145 /* UI.hpp */ = {isa = PBXFileReference; fileEncoding = 4; lastKnownFileType = sourcecode.cpp.h; path = UI.hpp; sourceTree = "<group>"; };
		E4328143138ABC890047C5CB /* openFrameworksLib.xcodeproj */ = {isa = PBXFileReference; lastKnownFileType = "wrapper.pb-project"; name = openFrameworksLib.xcodeproj; path = ../../../libs/openFrameworksCompiled/project/osx/openFrameworksLib.xcodeproj; sourceTree = SOURCE_ROOT; };
		E4B69B5B0A3A1756003C02F2 /* LabOF1Debug.app */ = {isa = PBXFileReference; explicitFileType = wrapper.application; includeInIndex = 0; path = LabOF1Debug.app; sourceTree = BUILT_PRODUCTS_DIR; };
		E4B69E1D0A3A1BDC003C02F2 /* main.cpp */ = {isa = PBXFileReference; fileEncoding = 30; lastKnownFileType = sourcecode.cpp.cpp; name = main.cpp; path = src/main.cpp; sourceTree = SOURCE_ROOT; };
		E4B69E1E0A3A1BDC003C02F2 /* ofApp.cpp */ = {isa = PBXFileReference; explicitFileType = sourcecode.cpp.cpp; fileEncoding = 30; name = ofApp.cpp; path = src/ofApp.cpp; sourceTree = SOURCE_ROOT; };
		E4B69E1F0A3A1BDC003C02F2 /* ofApp.h */ = {isa = PBXFileReference; fileEncoding = 30; lastKnownFileType = sourcecode.c.h; name = ofApp.h; path = src/ofApp.h; sourceTree = SOURCE_ROOT; };
		E4B6FCAD0C3E899E008CF71C /* openFrameworks-Info.plist */ = {isa = PBXFileReference; fileEncoding = 30; lastKnownFileType = text.plist.xml; path = "openFrameworks-Info.plist"; sourceTree = "<group>"; };
		E4EB691F138AFCF100A09F29 /* CoreOF.xcconfig */ = {isa = PBXFileReference; fileEncoding = 4; lastKnownFileType = text.xcconfig; name = CoreOF.xcconfig; path = ../../../libs/openFrameworksCompiled/project/osx/CoreOF.xcconfig; sourceTree = SOURCE_ROOT; };
		E4EB6923138AFD0F00A09F29 /* Project.xcconfig */ = {isa = PBXFileReference; fileEncoding = 4; lastKnownFileType = text.xcconfig; path = Project.xcconfig; sourceTree = "<group>"; };
/* End PBXFileReference section */

/* Begin PBXFrameworksBuildPhase section */
		E4B69B590A3A1756003C02F2 /* Frameworks */ = {
			isa = PBXFrameworksBuildPhase;
			buildActionMask = 2147483647;
			files = (
				E4328149138ABC9F0047C5CB /* openFrameworksDebug.a in Frameworks */,
			);
			runOnlyForDeploymentPostprocessing = 0;
		};
/* End PBXFrameworksBuildPhase section */

/* Begin PBXGroup section */
		6948EE371B920CB800B5AC1A /* local_addons */ = {
			isa = PBXGroup;
			children = (
			);
			name = local_addons;
			sourceTree = "<group>";
		};
		BB4B014C10F69532006C3DED /* addons */ = {
			isa = PBXGroup;
			children = (
			);
			name = addons;
			sourceTree = "<group>";
		};
		C232604A1BF9D2D800B894D1 /* Tile */ = {
			isa = PBXGroup;
			children = (
				C23260471BF9D28B00B894D1 /* Tile.cpp */,
				C232604B1BF9DB6400B894D1 /* Grass-Tile.cpp */,
				C232604C1BF9DB6400B894D1 /* Grass-Tile.hpp */,
				C23260481BF9D28B00B894D1 /* Tile.hpp */,
			);
			name = Tile;
			sourceTree = "<group>";
		};
		C23B51C51BF133A50093ED9A /* Player */ = {
			isa = PBXGroup;
			children = (
				C23B51C21BF133A10093ED9A /* Player.cpp */,
				C23B51C31BF133A10093ED9A /* Player.hpp */,
			);
			name = Player;
			sourceTree = "<group>";
		};
		C23B51C91BF134FD0093ED9A /* Handlers */ = {
			isa = PBXGroup;
			children = (
				C23B51C61BF1349E0093ED9A /* Keyboard.cpp */,
				C23B51C71BF1349E0093ED9A /* Keyboard.hpp */,
				C2C1480E1BF4F169001C4D23 /* Sprite.cpp */,
				C2C1480F1BF4F169001C4D23 /* Sprite.hpp */,
			);
			name = Handlers;
			sourceTree = "<group>";
		};
		C27D317C1BEA35F100AFA04C /* States */ = {
			isa = PBXGroup;
			children = (
				C27D317D1BEA369B00AFA04C /* State.cpp */,
				C27D317E1BEA369B00AFA04C /* State.hpp */,
				C27D31871BEA3A7000AFA04C /* Menu */,
				C27D31831BEA37B400AFA04C /* Game */,
			);
			name = States;
			sourceTree = "<group>";
		};
		C27D31831BEA37B400AFA04C /* Game */ = {
			isa = PBXGroup;
			children = (
				C27D31801BEA36E100AFA04C /* GameState.cpp */,
				C27D31811BEA36E100AFA04C /* GameState.hpp */,
			);
			name = Game;
			sourceTree = "<group>";
		};
		C27D31871BEA3A7000AFA04C /* Menu */ = {
			isa = PBXGroup;
			children = (
				C27D31841BEA3A4600AFA04C /* MenuState.cpp */,
				C27D31851BEA3A4600AFA04C /* MenuState.hpp */,
			);
			name = Menu;
			sourceTree = "<group>";
		};
		C2B094721BF37E0400245E1E /* Amunition */ = {
			isa = PBXGroup;
			children = (
				C2B094731BF37E1000245E1E /* StandardBullet.cpp */,
				C2B094741BF37E1000245E1E /* StandardBullet.hpp */,
			);
			name = Amunition;
			sourceTree = "<group>";
		};
		C2C40C4B1BD15CC8009AFB1C /* Entities */ = {
			isa = PBXGroup;
			children = (
				C2C828D11BD28926001B5145 /* Entity.cpp */,
				C2C828D21BD28926001B5145 /* Entity.hpp */,
				C2B094721BF37E0400245E1E /* Amunition */,
				C2C828D41BD28E56001B5145 /* Creatures */,
				C2C828D51BD28E62001B5145 /* Items */,
			);
			name = Entities;
			sourceTree = "<group>";
		};
		C2C40C4C1BD15CDE009AFB1C /* Main */ = {
			isa = PBXGroup;
			children = (
				E4B69E1D0A3A1BDC003C02F2 /* main.cpp */,
				E4B69E1E0A3A1BDC003C02F2 /* ofApp.cpp */,
				E4B69E1F0A3A1BDC003C02F2 /* ofApp.h */,
			);
			name = Main;
			sourceTree = "<group>";
		};
		C2C828D41BD28E56001B5145 /* Creatures */ = {
			isa = PBXGroup;
			children = (
				C2C40C451BD156A9009AFB1C /* Creature.cpp */,
				C2C40C461BD156A9009AFB1C /* Creature.hpp */,
				C2C828D61BD28FAD001B5145 /* Enemies */,
				C23B51C51BF133A50093ED9A /* Player */,
			);
			name = Creatures;
			sourceTree = "<group>";
		};
		C2C828D51BD28E62001B5145 /* Items */ = {
			isa = PBXGroup;
			children = (
			);
			name = Items;
			sourceTree = "<group>";
		};
		C2C828D61BD28FAD001B5145 /* Enemies */ = {
			isa = PBXGroup;
			children = (
				C2C828D71BD2B0FF001B5145 /* BasicZombie.cpp */,
				C2C828D81BD2B0FF001B5145 /* BasicZombie.hpp */,
			);
			name = Enemies;
			sourceTree = "<group>";
		};
		C2C828DA1BD2B183001B5145 /* UI */ = {
			isa = PBXGroup;
			children = (
				C2C828DB1BD2B199001B5145 /* UI.cpp */,
				C2C828DC1BD2B199001B5145 /* UI.hpp */,
			);
			name = UI;
			sourceTree = "<group>";
		};
		C2D242C11BF9352F00C9F746 /* World */ = {
			isa = PBXGroup;
			children = (
				C2C148111BF6664F001C4D23 /* Collider.cpp */,
				C2C148121BF6664F001C4D23 /* Collider.hpp */,
				C2C148141BF79DAB001C4D23 /* World.cpp */,
				C2C148151BF79DAB001C4D23 /* World.hpp */,
				C232604A1BF9D2D800B894D1 /* Tile */,
			);
			name = World;
			sourceTree = "<group>";
		};
		E4328144138ABC890047C5CB /* Products */ = {
			isa = PBXGroup;
			children = (
				E4328148138ABC890047C5CB /* openFrameworksDebug.a */,
			);
			name = Products;
			sourceTree = "<group>";
		};
		E4B69B4A0A3A1720003C02F2 = {
			isa = PBXGroup;
			children = (
				E4B6FCAD0C3E899E008CF71C /* openFrameworks-Info.plist */,
				E4EB6923138AFD0F00A09F29 /* Project.xcconfig */,
				E4B69E1C0A3A1BDC003C02F2 /* src */,
				E4EEC9E9138DF44700A80321 /* openFrameworks */,
				BB4B014C10F69532006C3DED /* addons */,
				6948EE371B920CB800B5AC1A /* local_addons */,
				E4B69B5B0A3A1756003C02F2 /* LabOF1Debug.app */,
			);
			sourceTree = "<group>";
		};
		E4B69E1C0A3A1BDC003C02F2 /* src */ = {
			isa = PBXGroup;
			children = (
				C2C828DA1BD2B183001B5145 /* UI */,
				C23B51C91BF134FD0093ED9A /* Handlers */,
				C27D317C1BEA35F100AFA04C /* States */,
				C2D242C11BF9352F00C9F746 /* World */,
				C2C40C4C1BD15CDE009AFB1C /* Main */,
				C2C40C4B1BD15CC8009AFB1C /* Entities */,
			);
			path = src;
			sourceTree = SOURCE_ROOT;
		};
		E4EEC9E9138DF44700A80321 /* openFrameworks */ = {
			isa = PBXGroup;
			children = (
				E4EB691F138AFCF100A09F29 /* CoreOF.xcconfig */,
				E4328143138ABC890047C5CB /* openFrameworksLib.xcodeproj */,
			);
			name = openFrameworks;
			sourceTree = "<group>";
		};
/* End PBXGroup section */

/* Begin PBXNativeTarget section */
		E4B69B5A0A3A1756003C02F2 /* LabOF1 */ = {
			isa = PBXNativeTarget;
			buildConfigurationList = E4B69B5F0A3A1757003C02F2 /* Build configuration list for PBXNativeTarget "LabOF1" */;
			buildPhases = (
				E4B69B580A3A1756003C02F2 /* Sources */,
				E4B69B590A3A1756003C02F2 /* Frameworks */,
				E4B6FFFD0C3F9AB9008CF71C /* ShellScript */,
				E4C2427710CC5ABF004149E2 /* CopyFiles */,
			);
			buildRules = (
			);
			dependencies = (
				E4EEB9AC138B136A00A80321 /* PBXTargetDependency */,
			);
			name = LabOF1;
			productName = myOFApp;
			productReference = E4B69B5B0A3A1756003C02F2 /* LabOF1Debug.app */;
			productType = "com.apple.product-type.application";
		};
/* End PBXNativeTarget section */

/* Begin PBXProject section */
		E4B69B4C0A3A1720003C02F2 /* Project object */ = {
			isa = PBXProject;
			attributes = {
				LastUpgradeCheck = 0700;
			};
			buildConfigurationList = E4B69B4D0A3A1720003C02F2 /* Build configuration list for PBXProject "LabOF1" */;
			compatibilityVersion = "Xcode 3.2";
			developmentRegion = English;
			hasScannedForEncodings = 0;
			knownRegions = (
				English,
				Japanese,
				French,
				German,
			);
			mainGroup = E4B69B4A0A3A1720003C02F2;
			productRefGroup = E4B69B4A0A3A1720003C02F2;
			projectDirPath = "";
			projectReferences = (
				{
					ProductGroup = E4328144138ABC890047C5CB /* Products */;
					ProjectRef = E4328143138ABC890047C5CB /* openFrameworksLib.xcodeproj */;
				},
			);
			projectRoot = "";
			targets = (
				E4B69B5A0A3A1756003C02F2 /* LabOF1 */,
			);
		};
/* End PBXProject section */

/* Begin PBXReferenceProxy section */
		E4328148138ABC890047C5CB /* openFrameworksDebug.a */ = {
			isa = PBXReferenceProxy;
			fileType = archive.ar;
			path = openFrameworksDebug.a;
			remoteRef = E4328147138ABC890047C5CB /* PBXContainerItemProxy */;
			sourceTree = BUILT_PRODUCTS_DIR;
		};
/* End PBXReferenceProxy section */

/* Begin PBXShellScriptBuildPhase section */
		E4B6FFFD0C3F9AB9008CF71C /* ShellScript */ = {
			isa = PBXShellScriptBuildPhase;
			buildActionMask = 2147483647;
			files = (
			);
			inputPaths = (
			);
			outputPaths = (
			);
			runOnlyForDeploymentPostprocessing = 0;
			shellPath = /bin/sh;
			shellScript = "rsync -aved ../../../libs/fmodex/lib/osx/libfmodex.dylib \"$TARGET_BUILD_DIR/$PRODUCT_NAME.app/Contents/MacOS/\"; install_name_tool -change ./libfmodex.dylib @executable_path/libfmodex.dylib \"$TARGET_BUILD_DIR/$PRODUCT_NAME.app/Contents/MacOS/$PRODUCT_NAME\";\nmkdir -p \"$TARGET_BUILD_DIR/$PRODUCT_NAME.app/Contents/Resources/\"\nrsync -aved \"$ICON_FILE\" \"$TARGET_BUILD_DIR/$PRODUCT_NAME.app/Contents/Resources/\"\nrsync -aved ../../../libs/glut/lib/osx/GLUT.framework \"$TARGET_BUILD_DIR/$PRODUCT_NAME.app/Contents/Frameworks/\"\n";
		};
/* End PBXShellScriptBuildPhase section */

/* Begin PBXSourcesBuildPhase section */
		E4B69B580A3A1756003C02F2 /* Sources */ = {
			isa = PBXSourcesBuildPhase;
			buildActionMask = 2147483647;
			files = (
				C2C40C471BD156A9009AFB1C /* Creature.cpp in Sources */,
				C2C148131BF6664F001C4D23 /* Collider.cpp in Sources */,
				C27D31821BEA36E100AFA04C /* GameState.cpp in Sources */,
				C2C828DD1BD2B199001B5145 /* UI.cpp in Sources */,
				C23B51C81BF1349E0093ED9A /* Keyboard.cpp in Sources */,
				C2C148101BF4F169001C4D23 /* Sprite.cpp in Sources */,
				C2B094751BF37E1000245E1E /* StandardBullet.cpp in Sources */,
				C23260491BF9D28B00B894D1 /* Tile.cpp in Sources */,
				C232604D1BF9DB6400B894D1 /* Grass-Tile.cpp in Sources */,
				C2C828D91BD2B0FF001B5145 /* BasicZombie.cpp in Sources */,
				C23B51C41BF133A10093ED9A /* Player.cpp in Sources */,
				E4B69E200A3A1BDC003C02F2 /* main.cpp in Sources */,
				C27D317F1BEA369B00AFA04C /* State.cpp in Sources */,
				C2C148161BF79DAB001C4D23 /* World.cpp in Sources */,
				C2C828D31BD28926001B5145 /* Entity.cpp in Sources */,
				C27D31861BEA3A4600AFA04C /* MenuState.cpp in Sources */,
				E4B69E210A3A1BDC003C02F2 /* ofApp.cpp in Sources */,
			);
			runOnlyForDeploymentPostprocessing = 0;
		};
/* End PBXSourcesBuildPhase section */

/* Begin PBXTargetDependency section */
		E4EEB9AC138B136A00A80321 /* PBXTargetDependency */ = {
			isa = PBXTargetDependency;
			name = openFrameworks;
			targetProxy = E4EEB9AB138B136A00A80321 /* PBXContainerItemProxy */;
		};
/* End PBXTargetDependency section */

/* Begin XCBuildConfiguration section */
		E4B69B4E0A3A1720003C02F2 /* Debug */ = {
			isa = XCBuildConfiguration;
			baseConfigurationReference = E4EB6923138AFD0F00A09F29 /* Project.xcconfig */;
			buildSettings = {
				CONFIGURATION_BUILD_DIR = "$(SRCROOT)/bin/";
				COPY_PHASE_STRIP = NO;
				DEAD_CODE_STRIPPING = YES;
				ENABLE_TESTABILITY = YES;
				GCC_AUTO_VECTORIZATION = YES;
				GCC_ENABLE_SSE3_EXTENSIONS = YES;
				GCC_ENABLE_SUPPLEMENTAL_SSE3_INSTRUCTIONS = YES;
				GCC_INLINES_ARE_PRIVATE_EXTERN = NO;
				GCC_OPTIMIZATION_LEVEL = 0;
				GCC_SYMBOLS_PRIVATE_EXTERN = NO;
				GCC_WARN_ABOUT_DEPRECATED_FUNCTIONS = YES;
				GCC_WARN_ABOUT_INVALID_OFFSETOF_MACRO = NO;
				GCC_WARN_ALLOW_INCOMPLETE_PROTOCOL = NO;
				GCC_WARN_UNINITIALIZED_AUTOS = NO;
				GCC_WARN_UNUSED_VALUE = NO;
				GCC_WARN_UNUSED_VARIABLE = NO;
				MACOSX_DEPLOYMENT_TARGET = 10.8;
				ONLY_ACTIVE_ARCH = YES;
				OTHER_CPLUSPLUSFLAGS = (
					"-D__MACOSX_CORE__",
					"-mtune=native",
				);
				SDKROOT = macosx;
			};
			name = Debug;
		};
		E4B69B4F0A3A1720003C02F2 /* Release */ = {
			isa = XCBuildConfiguration;
			baseConfigurationReference = E4EB6923138AFD0F00A09F29 /* Project.xcconfig */;
			buildSettings = {
				CONFIGURATION_BUILD_DIR = "$(SRCROOT)/bin/";
				COPY_PHASE_STRIP = YES;
				DEAD_CODE_STRIPPING = YES;
				GCC_AUTO_VECTORIZATION = YES;
				GCC_ENABLE_SSE3_EXTENSIONS = YES;
				GCC_ENABLE_SUPPLEMENTAL_SSE3_INSTRUCTIONS = YES;
				GCC_INLINES_ARE_PRIVATE_EXTERN = NO;
				GCC_OPTIMIZATION_LEVEL = 3;
				GCC_SYMBOLS_PRIVATE_EXTERN = NO;
				GCC_UNROLL_LOOPS = YES;
				GCC_WARN_ABOUT_DEPRECATED_FUNCTIONS = YES;
				GCC_WARN_ABOUT_INVALID_OFFSETOF_MACRO = NO;
				GCC_WARN_ALLOW_INCOMPLETE_PROTOCOL = NO;
				GCC_WARN_UNINITIALIZED_AUTOS = NO;
				GCC_WARN_UNUSED_VALUE = NO;
				GCC_WARN_UNUSED_VARIABLE = NO;
				MACOSX_DEPLOYMENT_TARGET = 10.8;
				OTHER_CPLUSPLUSFLAGS = (
					"-D__MACOSX_CORE__",
					"-mtune=native",
				);
				SDKROOT = macosx;
			};
			name = Release;
		};
		E4B69B600A3A1757003C02F2 /* Debug */ = {
			isa = XCBuildConfiguration;
			baseConfigurationReference = E4EB6923138AFD0F00A09F29 /* Project.xcconfig */;
			buildSettings = {
				COMBINE_HIDPI_IMAGES = YES;
				COPY_PHASE_STRIP = NO;
				FRAMEWORK_SEARCH_PATHS = (
					"$(inherited)",
					"$(FRAMEWORK_SEARCH_PATHS_QUOTED_FOR_TARGET_1)",
				);
				FRAMEWORK_SEARCH_PATHS_QUOTED_FOR_TARGET_1 = "\"$(SRCROOT)/../../../libs/glut/lib/osx\"";
				GCC_DYNAMIC_NO_PIC = NO;
				GCC_GENERATE_DEBUGGING_SYMBOLS = YES;
				GCC_MODEL_TUNING = NONE;
				ICON = "$(ICON_NAME_DEBUG)";
				ICON_FILE = "$(ICON_FILE_PATH)$(ICON)";
				INFOPLIST_FILE = "openFrameworks-Info.plist";
				INSTALL_PATH = "$(HOME)/Applications";
				LIBRARY_SEARCH_PATHS = "$(inherited)";
				PRODUCT_BUNDLE_IDENTIFIER = cc.openFrameworks.ofapp;
				PRODUCT_NAME = "$(TARGET_NAME)Debug";
				WRAPPER_EXTENSION = app;
			};
			name = Debug;
		};
		E4B69B610A3A1757003C02F2 /* Release */ = {
			isa = XCBuildConfiguration;
			baseConfigurationReference = E4EB6923138AFD0F00A09F29 /* Project.xcconfig */;
			buildSettings = {
				COMBINE_HIDPI_IMAGES = YES;
				COPY_PHASE_STRIP = YES;
				FRAMEWORK_SEARCH_PATHS = (
					"$(inherited)",
					"$(FRAMEWORK_SEARCH_PATHS_QUOTED_FOR_TARGET_1)",
				);
				FRAMEWORK_SEARCH_PATHS_QUOTED_FOR_TARGET_1 = "\"$(SRCROOT)/../../../libs/glut/lib/osx\"";
				GCC_GENERATE_DEBUGGING_SYMBOLS = YES;
				GCC_MODEL_TUNING = NONE;
				ICON = "$(ICON_NAME_RELEASE)";
				ICON_FILE = "$(ICON_FILE_PATH)$(ICON)";
				INFOPLIST_FILE = "openFrameworks-Info.plist";
				INSTALL_PATH = "$(HOME)/Applications";
				LIBRARY_SEARCH_PATHS = "$(inherited)";
				PRODUCT_BUNDLE_IDENTIFIER = cc.openFrameworks.ofapp;
				PRODUCT_NAME = "$(TARGET_NAME)";
				WRAPPER_EXTENSION = app;
				baseConfigurationReference = E4EB6923138AFD0F00A09F29;
			};
			name = Release;
		};
/* End XCBuildConfiguration section */

/* Begin XCConfigurationList section */
		E4B69B4D0A3A1720003C02F2 /* Build configuration list for PBXProject "LabOF1" */ = {
			isa = XCConfigurationList;
			buildConfigurations = (
				E4B69B4E0A3A1720003C02F2 /* Debug */,
				E4B69B4F0A3A1720003C02F2 /* Release */,
			);
			defaultConfigurationIsVisible = 0;
			defaultConfigurationName = Release;
		};
		E4B69B5F0A3A1757003C02F2 /* Build configuration list for PBXNativeTarget "LabOF1" */ = {
			isa = XCConfigurationList;
			buildConfigurations = (
				E4B69B600A3A1757003C02F2 /* Debug */,
				E4B69B610A3A1757003C02F2 /* Release */,
			);
			defaultConfigurationIsVisible = 0;
			defaultConfigurationName = Release;
		};
/* End XCConfigurationList section */
	};
	rootObject = E4B69B4C0A3A1720003C02F2 /* Project object */;
}
